
Microsoft Visual Studio Solution File, Format Version 12.00
# Visual Studio Version 17
VisualStudioVersion = 17.11.35208.52
MinimumVisualStudioVersion = 10.0.40219.1
Project("{FAE04EC0-301F-11D3-BF4B-00C04F79EFBC}") = "S01_OOPIntro_Win", "S01_OOPIntro_Win\S01_OOPIntro_Win.csproj", "{4511A7DF-DD4E-4BE2-B177-498914D98C68}"
EndProject
Global
	GlobalSection(SolutionConfigurationPlatforms) = preSolution
		Debug|Any CPU = Debug|Any CPU
		Release|Any CPU = Release|Any CPU
	EndGlobalSection
	GlobalSection(ProjectConfigurationPlatforms) = postSolution
		{4511A7DF-DD4E-4BE2-B177-498914D98C68}.Debug|Any CPU.ActiveCfg = Debug|Any CPU
		{4511A7DF-DD4E-4BE2-B177-498914D98C68}.Debug|Any CPU.Build.0 = Debug|Any CPU
		{4511A7DF-DD4E-4BE2-B177-498914D98C68}.Release|Any CPU.ActiveCfg = Release|Any CPU
		{4511A7DF-DD4E-4BE2-B177-498914D98C68}.Release|Any CPU.Build.0 = Release|Any CPU
	EndGlobalSection
	GlobalSection(SolutionProperties) = preSolution
		HideSolutionNode = FALSE
	EndGlobalSection
	GlobalSection(ExtensibilityGlobals) = postSolution
		SolutionGuid = {3F2F1160-3199-470E-9CF2-22BD37E13FAA}
	EndGlobalSection
EndGlobal
